// !$*UTF8*$!
{
	archiveVersion = 1;
	classes = {
	};
	objectVersion = 55;
	objects = {

/* Begin PBXBuildFile section */
		5A47B62C27E79EED004450FC /* PhotoModel.swift in Sources */ = {isa = PBXBuildFile; fileRef = 5A47B62B27E79EED004450FC /* PhotoModel.swift */; };
		5A69BB7627E5085500FBBF8C /* APIResponse.swift in Sources */ = {isa = PBXBuildFile; fileRef = 5A69BB7527E5085500FBBF8C /* APIResponse.swift */; };
		5A69BB7A27E5226700FBBF8C /* ImageProvider.swift in Sources */ = {isa = PBXBuildFile; fileRef = 5A69BB7927E5226700FBBF8C /* ImageProvider.swift */; };
		5AA5AF0627E506F7002D1A2E /* NetworkService.swift in Sources */ = {isa = PBXBuildFile; fileRef = 5AA5AF0527E506F7002D1A2E /* NetworkService.swift */; };
		5ABA124127E4F7B500BDB5D3 /* AppDelegate.swift in Sources */ = {isa = PBXBuildFile; fileRef = 5ABA124027E4F7B500BDB5D3 /* AppDelegate.swift */; };
		5ABA124327E4F7B500BDB5D3 /* SceneDelegate.swift in Sources */ = {isa = PBXBuildFile; fileRef = 5ABA124227E4F7B500BDB5D3 /* SceneDelegate.swift */; };
		5ABA124527E4F7B500BDB5D3 /* HomeViewController.swift in Sources */ = {isa = PBXBuildFile; fileRef = 5ABA124427E4F7B500BDB5D3 /* HomeViewController.swift */; };
		5ABA124827E4F7B500BDB5D3 /* Main.storyboard in Resources */ = {isa = PBXBuildFile; fileRef = 5ABA124627E4F7B500BDB5D3 /* Main.storyboard */; };
		5ABA124A27E4F7B700BDB5D3 /* Assets.xcassets in Resources */ = {isa = PBXBuildFile; fileRef = 5ABA124927E4F7B700BDB5D3 /* Assets.xcassets */; };
		5AD5C3E527E92D6900825AB1 /* NetworkError.swift in Sources */ = {isa = PBXBuildFile; fileRef = 5AD5C3E427E92D6900825AB1 /* NetworkError.swift */; };
		5AFCD36127E61EF200688BFE /* ItemCollectionViewCell.swift in Sources */ = {isa = PBXBuildFile; fileRef = 5AFCD35F27E61EF200688BFE /* ItemCollectionViewCell.swift */; };
		5AFCD36227E61EF200688BFE /* ItemCollectionViewCell.xib in Resources */ = {isa = PBXBuildFile; fileRef = 5AFCD36027E61EF200688BFE /* ItemCollectionViewCell.xib */; };
		5AFCD36427E61F5500688BFE /* CustomLayout.swift in Sources */ = {isa = PBXBuildFile; fileRef = 5AFCD36327E61F5500688BFE /* CustomLayout.swift */; };
		5AFCD36A27E659B500688BFE /* PhotoInfo.swift in Sources */ = {isa = PBXBuildFile; fileRef = 5AFCD36927E659B500688BFE /* PhotoInfo.swift */; };
		5AFCD36C27E65E3600688BFE /* DetailsViewController.swift in Sources */ = {isa = PBXBuildFile; fileRef = 5AFCD36B27E65E3600688BFE /* DetailsViewController.swift */; };
/* End PBXBuildFile section */

/* Begin PBXFileReference section */
		5A47B62B27E79EED004450FC /* PhotoModel.swift */ = {isa = PBXFileReference; lastKnownFileType = sourcecode.swift; path = PhotoModel.swift; sourceTree = "<group>"; };
		5A69BB7527E5085500FBBF8C /* APIResponse.swift */ = {isa = PBXFileReference; lastKnownFileType = sourcecode.swift; path = APIResponse.swift; sourceTree = "<group>"; };
		5A69BB7927E5226700FBBF8C /* ImageProvider.swift */ = {isa = PBXFileReference; fileEncoding = 4; lastKnownFileType = sourcecode.swift; path = ImageProvider.swift; sourceTree = "<group>"; };
		5AA5AF0527E506F7002D1A2E /* NetworkService.swift */ = {isa = PBXFileReference; lastKnownFileType = sourcecode.swift; path = NetworkService.swift; sourceTree = "<group>"; };
		5ABA123D27E4F7B500BDB5D3 /* FlickrSearchApp.app */ = {isa = PBXFileReference; explicitFileType = wrapper.application; includeInIndex = 0; path = FlickrSearchApp.app; sourceTree = BUILT_PRODUCTS_DIR; };
		5ABA124027E4F7B500BDB5D3 /* AppDelegate.swift */ = {isa = PBXFileReference; lastKnownFileType = sourcecode.swift; path = AppDelegate.swift; sourceTree = "<group>"; };
		5ABA124227E4F7B500BDB5D3 /* SceneDelegate.swift */ = {isa = PBXFileReference; lastKnownFileType = sourcecode.swift; path = SceneDelegate.swift; sourceTree = "<group>"; };
		5ABA124427E4F7B500BDB5D3 /* HomeViewController.swift */ = {isa = PBXFileReference; lastKnownFileType = sourcecode.swift; path = HomeViewController.swift; sourceTree = "<group>"; };
		5ABA124727E4F7B500BDB5D3 /* Base */ = {isa = PBXFileReference; lastKnownFileType = file.storyboard; name = Base; path = Base.lproj/Main.storyboard; sourceTree = "<group>"; };
		5ABA124927E4F7B700BDB5D3 /* Assets.xcassets */ = {isa = PBXFileReference; lastKnownFileType = folder.assetcatalog; path = Assets.xcassets; sourceTree = "<group>"; };
		5ABA124E27E4F7B700BDB5D3 /* Info.plist */ = {isa = PBXFileReference; lastKnownFileType = text.plist.xml; path = Info.plist; sourceTree = "<group>"; };
		5AD5C3E427E92D6900825AB1 /* NetworkError.swift */ = {isa = PBXFileReference; lastKnownFileType = sourcecode.swift; path = NetworkError.swift; sourceTree = "<group>"; };
		5AFCD35F27E61EF200688BFE /* ItemCollectionViewCell.swift */ = {isa = PBXFileReference; lastKnownFileType = sourcecode.swift; path = ItemCollectionViewCell.swift; sourceTree = "<group>"; };
		5AFCD36027E61EF200688BFE /* ItemCollectionViewCell.xib */ = {isa = PBXFileReference; lastKnownFileType = file.xib; path = ItemCollectionViewCell.xib; sourceTree = "<group>"; };
		5AFCD36327E61F5500688BFE /* CustomLayout.swift */ = {isa = PBXFileReference; fileEncoding = 4; lastKnownFileType = sourcecode.swift; path = CustomLayout.swift; sourceTree = "<group>"; };
		5AFCD36927E659B500688BFE /* PhotoInfo.swift */ = {isa = PBXFileReference; lastKnownFileType = sourcecode.swift; path = PhotoInfo.swift; sourceTree = "<group>"; };
		5AFCD36B27E65E3600688BFE /* DetailsViewController.swift */ = {isa = PBXFileReference; lastKnownFileType = sourcecode.swift; path = DetailsViewController.swift; sourceTree = "<group>"; };
/* End PBXFileReference section */

/* Begin PBXFrameworksBuildPhase section */
		5ABA123A27E4F7B500BDB5D3 /* Frameworks */ = {
			isa = PBXFrameworksBuildPhase;
			buildActionMask = 2147483647;
			files = (
			);
			runOnlyForDeploymentPostprocessing = 0;
		};
/* End PBXFrameworksBuildPhase section */

/* Begin PBXGroup section */
		5A69BB7727E5087E00FBBF8C /* Model */ = {
			isa = PBXGroup;
			children = (
				5A69BB7527E5085500FBBF8C /* APIResponse.swift */,
				5AFCD36927E659B500688BFE /* PhotoInfo.swift */,
				5A47B62B27E79EED004450FC /* PhotoModel.swift */,
			);
			path = Model;
			sourceTree = "<group>";
		};
		5A69BB7827E5225800FBBF8C /* Networking */ = {
			isa = PBXGroup;
			children = (
				5A69BB7927E5226700FBBF8C /* ImageProvider.swift */,
				5AA5AF0527E506F7002D1A2E /* NetworkService.swift */,
				5AD5C3E427E92D6900825AB1 /* NetworkError.swift */,
			);
			path = Networking;
			sourceTree = "<group>";
		};
		5A69BB7B27E523B500FBBF8C /* App */ = {
			isa = PBXGroup;
			children = (
				5ABA124027E4F7B500BDB5D3 /* AppDelegate.swift */,
				5ABA124227E4F7B500BDB5D3 /* SceneDelegate.swift */,
			);
			path = App;
			sourceTree = "<group>";
		};
		5A69BB7C27E523C600FBBF8C /* Controllers */ = {
			isa = PBXGroup;
			children = (
				5ABA124427E4F7B500BDB5D3 /* HomeViewController.swift */,
				5AFCD36B27E65E3600688BFE /* DetailsViewController.swift */,
			);
			path = Controllers;
			sourceTree = "<group>";
		};
		5A69BB7D27E523DD00FBBF8C /* Resources */ = {
			isa = PBXGroup;
			children = (
				5AFCD36327E61F5500688BFE /* CustomLayout.swift */,
				5ABA124927E4F7B700BDB5D3 /* Assets.xcassets */,
			);
			path = Resources;
			sourceTree = "<group>";
		};
		5AA5AF0027E4FB2A002D1A2E /* Views */ = {
			isa = PBXGroup;
			children = (
				5A69BB7C27E523C600FBBF8C /* Controllers */,
				5AFCD35A27E615C100688BFE /* CollecionView Cell */,
				5ABA124627E4F7B500BDB5D3 /* Main.storyboard */,
			);
			path = Views;
			sourceTree = "<group>";
		};
		5ABA123427E4F7B500BDB5D3 = {
			isa = PBXGroup;
			children = (
				5ABA123F27E4F7B500BDB5D3 /* FlickrSearchApp */,
				5ABA123E27E4F7B500BDB5D3 /* Products */,
			);
			sourceTree = "<group>";
		};
		5ABA123E27E4F7B500BDB5D3 /* Products */ = {
			isa = PBXGroup;
			children = (
				5ABA123D27E4F7B500BDB5D3 /* FlickrSearchApp.app */,
			);
			name = Products;
			sourceTree = "<group>";
		};
		5ABA123F27E4F7B500BDB5D3 /* FlickrSearchApp */ = {
			isa = PBXGroup;
			children = (
				5A69BB7B27E523B500FBBF8C /* App */,
				5A69BB7727E5087E00FBBF8C /* Model */,
				5AA5AF0027E4FB2A002D1A2E /* Views */,
				5A69BB7827E5225800FBBF8C /* Networking */,
				5A69BB7D27E523DD00FBBF8C /* Resources */,
				5ABA124E27E4F7B700BDB5D3 /* Info.plist */,
			);
			path = FlickrSearchApp;
			sourceTree = "<group>";
		};
		5AFCD35A27E615C100688BFE /* CollecionView Cell */ = {
			isa = PBXGroup;
			children = (
				5AFCD35F27E61EF200688BFE /* ItemCollectionViewCell.swift */,
				5AFCD36027E61EF200688BFE /* ItemCollectionViewCell.xib */,
			);
			path = "CollecionView Cell";
			sourceTree = "<group>";
		};
/* End PBXGroup section */

/* Begin PBXNativeTarget section */
		5ABA123C27E4F7B500BDB5D3 /* FlickrSearchApp */ = {
			isa = PBXNativeTarget;
			buildConfigurationList = 5ABA125127E4F7B700BDB5D3 /* Build configuration list for PBXNativeTarget "FlickrSearchApp" */;
			buildPhases = (
				5ABA123927E4F7B500BDB5D3 /* Sources */,
				5ABA123A27E4F7B500BDB5D3 /* Frameworks */,
				5ABA123B27E4F7B500BDB5D3 /* Resources */,
			);
			buildRules = (
			);
			dependencies = (
			);
			name = FlickrSearchApp;
			productName = FlickrSearchApp;
			productReference = 5ABA123D27E4F7B500BDB5D3 /* FlickrSearchApp.app */;
			productType = "com.apple.product-type.application";
		};
/* End PBXNativeTarget section */

/* Begin PBXProject section */
		5ABA123527E4F7B500BDB5D3 /* Project object */ = {
			isa = PBXProject;
			attributes = {
				BuildIndependentTargetsInParallel = 1;
				LastSwiftUpdateCheck = 1330;
				LastUpgradeCheck = 1330;
				TargetAttributes = {
					5ABA123C27E4F7B500BDB5D3 = {
						CreatedOnToolsVersion = 13.3;
					};
				};
			};
			buildConfigurationList = 5ABA123827E4F7B500BDB5D3 /* Build configuration list for PBXProject "FlickrSearchApp" */;
			compatibilityVersion = "Xcode 13.0";
			developmentRegion = en;
			hasScannedForEncodings = 0;
			knownRegions = (
				en,
				Base,
			);
			mainGroup = 5ABA123427E4F7B500BDB5D3;
			productRefGroup = 5ABA123E27E4F7B500BDB5D3 /* Products */;
			projectDirPath = "";
			projectRoot = "";
			targets = (
				5ABA123C27E4F7B500BDB5D3 /* FlickrSearchApp */,
			);
		};
/* End PBXProject section */

/* Begin PBXResourcesBuildPhase section */
		5ABA123B27E4F7B500BDB5D3 /* Resources */ = {
			isa = PBXResourcesBuildPhase;
			buildActionMask = 2147483647;
			files = (
				5AFCD36227E61EF200688BFE /* ItemCollectionViewCell.xib in Resources */,
				5ABA124A27E4F7B700BDB5D3 /* Assets.xcassets in Resources */,
				5ABA124827E4F7B500BDB5D3 /* Main.storyboard in Resources */,
			);
			runOnlyForDeploymentPostprocessing = 0;
		};
/* End PBXResourcesBuildPhase section */

/* Begin PBXSourcesBuildPhase section */
		5ABA123927E4F7B500BDB5D3 /* Sources */ = {
			isa = PBXSourcesBuildPhase;
			buildActionMask = 2147483647;
			files = (
				5AA5AF0627E506F7002D1A2E /* NetworkService.swift in Sources */,
				5ABA124527E4F7B500BDB5D3 /* HomeViewController.swift in Sources */,
				5ABA124127E4F7B500BDB5D3 /* AppDelegate.swift in Sources */,
				5AFCD36C27E65E3600688BFE /* DetailsViewController.swift in Sources */,
				5AFCD36127E61EF200688BFE /* ItemCollectionViewCell.swift in Sources */,
				5AFCD36427E61F5500688BFE /* CustomLayout.swift in Sources */,
				5ABA124327E4F7B500BDB5D3 /* SceneDelegate.swift in Sources */,
				5AFCD36A27E659B500688BFE /* PhotoInfo.swift in Sources */,
				5A69BB7A27E5226700FBBF8C /* ImageProvider.swift in Sources */,
				5AD5C3E527E92D6900825AB1 /* NetworkError.swift in Sources */,
				5A69BB7627E5085500FBBF8C /* APIResponse.swift in Sources */,
				5A47B62C27E79EED004450FC /* PhotoModel.swift in Sources */,
			);
			runOnlyForDeploymentPostprocessing = 0;
		};
/* End PBXSourcesBuildPhase section */

/* Begin PBXVariantGroup section */
		5ABA124627E4F7B500BDB5D3 /* Main.storyboard */ = {
			isa = PBXVariantGroup;
			children = (
				5ABA124727E4F7B500BDB5D3 /* Base */,
			);
			name = Main.storyboard;
			sourceTree = "<group>";
		};
/* End PBXVariantGroup section */

/* Begin XCBuildConfiguration section */
		5ABA124F27E4F7B700BDB5D3 /* Debug */ = {
			isa = XCBuildConfiguration;
			buildSettings = {
				ALWAYS_SEARCH_USER_PATHS = NO;
				CLANG_ANALYZER_NONNULL = YES;
				CLANG_ANALYZER_NUMBER_OBJECT_CONVERSION = YES_AGGRESSIVE;
				CLANG_CXX_LANGUAGE_STANDARD = "gnu++17";
				CLANG_ENABLE_MODULES = YES;
				CLANG_ENABLE_OBJC_ARC = YES;
				CLANG_ENABLE_OBJC_WEAK = YES;
				CLANG_WARN_BLOCK_CAPTURE_AUTORELEASING = YES;
				CLANG_WARN_BOOL_CONVERSION = YES;
				CLANG_WARN_COMMA = YES;
				CLANG_WARN_CONSTANT_CONVERSION = YES;
				CLANG_WARN_DEPRECATED_OBJC_IMPLEMENTATIONS = YES;
				CLANG_WARN_DIRECT_OBJC_ISA_USAGE = YES_ERROR;
				CLANG_WARN_DOCUMENTATION_COMMENTS = YES;
				CLANG_WARN_EMPTY_BODY = YES;
				CLANG_WARN_ENUM_CONVERSION = YES;
				CLANG_WARN_INFINITE_RECURSION = YES;
				CLANG_WARN_INT_CONVERSION = YES;
				CLANG_WARN_NON_LITERAL_NULL_CONVERSION = YES;
				CLANG_WARN_OBJC_IMPLICIT_RETAIN_SELF = YES;
				CLANG_WARN_OBJC_LITERAL_CONVERSION = YES;
				CLANG_WARN_OBJC_ROOT_CLASS = YES_ERROR;
				CLANG_WARN_QUOTED_INCLUDE_IN_FRAMEWORK_HEADER = YES;
				CLANG_WARN_RANGE_LOOP_ANALYSIS = YES;
				CLANG_WARN_STRICT_PROTOTYPES = YES;
				CLANG_WARN_SUSPICIOUS_MOVE = YES;
				CLANG_WARN_UNGUARDED_AVAILABILITY = YES_AGGRESSIVE;
				CLANG_WARN_UNREACHABLE_CODE = YES;
				CLANG_WARN__DUPLICATE_METHOD_MATCH = YES;
				COPY_PHASE_STRIP = NO;
				DEBUG_INFORMATION_FORMAT = dwarf;
				ENABLE_STRICT_OBJC_MSGSEND = YES;
				ENABLE_TESTABILITY = YES;
				GCC_C_LANGUAGE_STANDARD = gnu11;
				GCC_DYNAMIC_NO_PIC = NO;
				GCC_NO_COMMON_BLOCKS = YES;
				GCC_OPTIMIZATION_LEVEL = 0;
				GCC_PREPROCESSOR_DEFINITIONS = (
					"DEBUG=1",
					"$(inherited)",
				);
				GCC_WARN_64_TO_32_BIT_CONVERSION = YES;
				GCC_WARN_ABOUT_RETURN_TYPE = YES_ERROR;
				GCC_WARN_UNDECLARED_SELECTOR = YES;
				GCC_WARN_UNINITIALIZED_AUTOS = YES_AGGRESSIVE;
				GCC_WARN_UNUSED_FUNCTION = YES;
				GCC_WARN_UNUSED_VARIABLE = YES;
				IPHONEOS_DEPLOYMENT_TARGET = 15.4;
				MTL_ENABLE_DEBUG_INFO = INCLUDE_SOURCE;
				MTL_FAST_MATH = YES;
				ONLY_ACTIVE_ARCH = YES;
				SDKROOT = iphoneos;
				SWIFT_ACTIVE_COMPILATION_CONDITIONS = DEBUG;
				SWIFT_OPTIMIZATION_LEVEL = "-Onone";
			};
			name = Debug;
		};
		5ABA125027E4F7B700BDB5D3 /* Release */ = {
			isa = XCBuildConfiguration;
			buildSettings = {
				ALWAYS_SEARCH_USER_PATHS = NO;
				CLANG_ANALYZER_NONNULL = YES;
				CLANG_ANALYZER_NUMBER_OBJECT_CONVERSION = YES_AGGRESSIVE;
				CLANG_CXX_LANGUAGE_STANDARD = "gnu++17";
				CLANG_ENABLE_MODULES = YES;
				CLANG_ENABLE_OBJC_ARC = YES;
				CLANG_ENABLE_OBJC_WEAK = YES;
				CLANG_WARN_BLOCK_CAPTURE_AUTORELEASING = YES;
				CLANG_WARN_BOOL_CONVERSION = YES;
				CLANG_WARN_COMMA = YES;
				CLANG_WARN_CONSTANT_CONVERSION = YES;
				CLANG_WARN_DEPRECATED_OBJC_IMPLEMENTATIONS = YES;
				CLANG_WARN_DIRECT_OBJC_ISA_USAGE = YES_ERROR;
				CLANG_WARN_DOCUMENTATION_COMMENTS = YES;
				CLANG_WARN_EMPTY_BODY = YES;
				CLANG_WARN_ENUM_CONVERSION = YES;
				CLANG_WARN_INFINITE_RECURSION = YES;
				CLANG_WARN_INT_CONVERSION = YES;
				CLANG_WARN_NON_LITERAL_NULL_CONVERSION = YES;
				CLANG_WARN_OBJC_IMPLICIT_RETAIN_SELF = YES;
				CLANG_WARN_OBJC_LITERAL_CONVERSION = YES;
				CLANG_WARN_OBJC_ROOT_CLASS = YES_ERROR;
				CLANG_WARN_QUOTED_INCLUDE_IN_FRAMEWORK_HEADER = YES;
				CLANG_WARN_RANGE_LOOP_ANALYSIS = YES;
				CLANG_WARN_STRICT_PROTOTYPES = YES;
				CLANG_WARN_SUSPICIOUS_MOVE = YES;
				CLANG_WARN_UNGUARDED_AVAILABILITY = YES_AGGRESSIVE;
				CLANG_WARN_UNREACHABLE_CODE = YES;
				CLANG_WARN__DUPLICATE_METHOD_MATCH = YES;
				COPY_PHASE_STRIP = NO;
				DEBUG_INFORMATION_FORMAT = "dwarf-with-dsym";
				ENABLE_NS_ASSERTIONS = NO;
				ENABLE_STRICT_OBJC_MSGSEND = YES;
				GCC_C_LANGUAGE_STANDARD = gnu11;
				GCC_NO_COMMON_BLOCKS = YES;
				GCC_WARN_64_TO_32_BIT_CONVERSION = YES;
				GCC_WARN_ABOUT_RETURN_TYPE = YES_ERROR;
				GCC_WARN_UNDECLARED_SELECTOR = YES;
				GCC_WARN_UNINITIALIZED_AUTOS = YES_AGGRESSIVE;
				GCC_WARN_UNUSED_FUNCTION = YES;
				GCC_WARN_UNUSED_VARIABLE = YES;
				IPHONEOS_DEPLOYMENT_TARGET = 15.4;
				MTL_ENABLE_DEBUG_INFO = NO;
				MTL_FAST_MATH = YES;
				SDKROOT = iphoneos;
				SWIFT_COMPILATION_MODE = wholemodule;
				SWIFT_OPTIMIZATION_LEVEL = "-O";
				VALIDATE_PRODUCT = YES;
			};
			name = Release;
		};
		5ABA125227E4F7B700BDB5D3 /* Debug */ = {
			isa = XCBuildConfiguration;
			buildSettings = {
				ASSETCATALOG_COMPILER_APPICON_NAME = AppIcon;
				ASSETCATALOG_COMPILER_GLOBAL_ACCENT_COLOR_NAME = AccentColor;
				CODE_SIGN_STYLE = Automatic;
				CURRENT_PROJECT_VERSION = 1;
				DEVELOPMENT_TEAM = Y7UVMZ2H6F;
				GENERATE_INFOPLIST_FILE = YES;
				INFOPLIST_FILE = FlickrSearchApp/Info.plist;
				INFOPLIST_KEY_UIApplicationSupportsIndirectInputEvents = YES;
				INFOPLIST_KEY_UILaunchStoryboardName = LaunchScreen;
				INFOPLIST_KEY_UIMainStoryboardFile = Main;
				INFOPLIST_KEY_UISupportedInterfaceOrientations_iPad = "UIInterfaceOrientationPortrait UIInterfaceOrientationPortraitUpsideDown UIInterfaceOrientationLandscapeLeft UIInterfaceOrientationLandscapeRight";
				INFOPLIST_KEY_UISupportedInterfaceOrientations_iPhone = "UIInterfaceOrientationPortrait UIInterfaceOrientationLandscapeLeft UIInterfaceOrientationLandscapeRight";
				LD_RUNPATH_SEARCH_PATHS = (
					"$(inherited)",
					"@executable_path/Frameworks",
				);
				MARKETING_VERSION = 1.0;
				PRODUCT_BUNDLE_IDENTIFIER = baam.dev.FlickrSearchApp;
				PRODUCT_NAME = "$(TARGET_NAME)";
				SWIFT_EMIT_LOC_STRINGS = YES;
				SWIFT_VERSION = 5.0;
				TARGETED_DEVICE_FAMILY = "1,2";
			};
			name = Debug;
		};
		5ABA125327E4F7B700BDB5D3 /* Release */ = {
			isa = XCBuildConfiguration;
			buildSettings = {
				ASSETCATALOG_COMPILER_APPICON_NAME = AppIcon;
				ASSETCATALOG_COMPILER_GLOBAL_ACCENT_COLOR_NAME = AccentColor;
				CODE_SIGN_STYLE = Automatic;
				CURRENT_PROJECT_VERSION = 1;
				DEVELOPMENT_TEAM = Y7UVMZ2H6F;
				GENERATE_INFOPLIST_FILE = YES;
				INFOPLIST_FILE = FlickrSearchApp/Info.plist;
				INFOPLIST_KEY_UIApplicationSupportsIndirectInputEvents = YES;
				INFOPLIST_KEY_UILaunchStoryboardName = LaunchScreen;
				INFOPLIST_KEY_UIMainStoryboardFile = Main;
				INFOPLIST_KEY_UISupportedInterfaceOrientations_iPad = "UIInterfaceOrientationPortrait UIInterfaceOrientationPortraitUpsideDown UIInterfaceOrientationLandscapeLeft UIInterfaceOrientationLandscapeRight";
				INFOPLIST_KEY_UISupportedInterfaceOrientations_iPhone = "UIInterfaceOrientationPortrait UIInterfaceOrientationLandscapeLeft UIInterfaceOrientationLandscapeRight";
				LD_RUNPATH_SEARCH_PATHS = (
					"$(inherited)",
					"@executable_path/Frameworks",
				);
				MARKETING_VERSION = 1.0;
				PRODUCT_BUNDLE_IDENTIFIER = baam.dev.FlickrSearchApp;
				PRODUCT_NAME = "$(TARGET_NAME)";
				SWIFT_EMIT_LOC_STRINGS = YES;
				SWIFT_VERSION = 5.0;
				TARGETED_DEVICE_FAMILY = "1,2";
			};
			name = Release;
		};
/* End XCBuildConfiguration section */

/* Begin XCConfigurationList section */
		5ABA123827E4F7B500BDB5D3 /* Build configuration list for PBXProject "FlickrSearchApp" */ = {
			isa = XCConfigurationList;
			buildConfigurations = (
				5ABA124F27E4F7B700BDB5D3 /* Debug */,
				5ABA125027E4F7B700BDB5D3 /* Release */,
			);
			defaultConfigurationIsVisible = 0;
			defaultConfigurationName = Release;
		};
		5ABA125127E4F7B700BDB5D3 /* Build configuration list for PBXNativeTarget "FlickrSearchApp" */ = {
			isa = XCConfigurationList;
			buildConfigurations = (
				5ABA125227E4F7B700BDB5D3 /* Debug */,
				5ABA125327E4F7B700BDB5D3 /* Release */,
			);
			defaultConfigurationIsVisible = 0;
			defaultConfigurationName = Release;
		};
/* End XCConfigurationList section */
	};
	rootObject = 5ABA123527E4F7B500BDB5D3 /* Project object */;
}
